// !$*UTF8*$!
{
	archiveVersion = 1;
	classes = {
	};
	objectVersion = 53;
	objects = {

/* Begin PBXBuildFile section */
		544050A4B8741F87310CF21A /* Pods_news_appTests.framework in Frameworks */ = {isa = PBXBuildFile; fileRef = 8EB8E695BE926F81C9A6D2F6 /* Pods_news_appTests.framework */; };
		AD0914172BA8129900287227 /* Constant.swift in Sources */ = {isa = PBXBuildFile; fileRef = AD0914162BA8129900287227 /* Constant.swift */; };
		AD8DBBDB2B9AE92A0070D7A7 /* AppDelegate.swift in Sources */ = {isa = PBXBuildFile; fileRef = AD8DBBDA2B9AE92A0070D7A7 /* AppDelegate.swift */; };
		AD8DBBDD2B9AE92A0070D7A7 /* SceneDelegate.swift in Sources */ = {isa = PBXBuildFile; fileRef = AD8DBBDC2B9AE92A0070D7A7 /* SceneDelegate.swift */; };
		AD8DBBDF2B9AE92A0070D7A7 /* SignUpSignInViewController.swift in Sources */ = {isa = PBXBuildFile; fileRef = AD8DBBDE2B9AE92A0070D7A7 /* SignUpSignInViewController.swift */; };
		AD8DBBE22B9AE92A0070D7A7 /* Main.storyboard in Resources */ = {isa = PBXBuildFile; fileRef = AD8DBBE02B9AE92A0070D7A7 /* Main.storyboard */; };
		AD8DBBE42B9AE9300070D7A7 /* Assets.xcassets in Resources */ = {isa = PBXBuildFile; fileRef = AD8DBBE32B9AE9300070D7A7 /* Assets.xcassets */; };
		AD8DBBE72B9AE9300070D7A7 /* LaunchScreen.storyboard in Resources */ = {isa = PBXBuildFile; fileRef = AD8DBBE52B9AE9300070D7A7 /* LaunchScreen.storyboard */; };
		AD8DBBF22B9AE9300070D7A7 /* news_appTests.swift in Sources */ = {isa = PBXBuildFile; fileRef = AD8DBBF12B9AE9300070D7A7 /* news_appTests.swift */; };
		AD8DBBFC2B9AE9300070D7A7 /* news_appUITests.swift in Sources */ = {isa = PBXBuildFile; fileRef = AD8DBBFB2B9AE9300070D7A7 /* news_appUITests.swift */; };
		AD8DBBFE2B9AE9300070D7A7 /* news_appUITestsLaunchTests.swift in Sources */ = {isa = PBXBuildFile; fileRef = AD8DBBFD2B9AE9300070D7A7 /* news_appUITestsLaunchTests.swift */; };
		AD8DBC0D2B9B10680070D7A7 /* CustomTextField.swift in Sources */ = {isa = PBXBuildFile; fileRef = AD8DBC0C2B9B10680070D7A7 /* CustomTextField.swift */; };
		AD8DBC132B9EE89B0070D7A7 /* ButtonLogin.swift in Sources */ = {isa = PBXBuildFile; fileRef = AD8DBC122B9EE89B0070D7A7 /* ButtonLogin.swift */; };
		AD8DBC162B9EF5090070D7A7 /* Extension.swift in Sources */ = {isa = PBXBuildFile; fileRef = AD8DBC152B9EF5090070D7A7 /* Extension.swift */; };
		AD8E537E2BB3D718000103DA /* AuthenticationModel.swift in Sources */ = {isa = PBXBuildFile; fileRef = AD8E537D2BB3D718000103DA /* AuthenticationModel.swift */; };
		AD8E53832BB54E97000103DA /* SettingTableView.swift in Sources */ = {isa = PBXBuildFile; fileRef = AD8E53822BB54E97000103DA /* SettingTableView.swift */; };
		AD8E53852BB54EA7000103DA /* SettingTableViewCell.swift in Sources */ = {isa = PBXBuildFile; fileRef = AD8E53842BB54EA7000103DA /* SettingTableViewCell.swift */; };
		AD8E53872BB54EC0000103DA /* SettingViewController.swift in Sources */ = {isa = PBXBuildFile; fileRef = AD8E53862BB54EC0000103DA /* SettingViewController.swift */; };
		AD8E538A2BB55177000103DA /* Localizable.strings in Resources */ = {isa = PBXBuildFile; fileRef = AD8E538C2BB55177000103DA /* Localizable.strings */; };
		AD8E538F2BB5743E000103DA /* AccountViewController.swift in Sources */ = {isa = PBXBuildFile; fileRef = AD8E538E2BB5743E000103DA /* AccountViewController.swift */; };
		AD8E53932BB576EA000103DA /* SettingTableViewCell.xib in Resources */ = {isa = PBXBuildFile; fileRef = AD8E53912BB576EA000103DA /* SettingTableViewCell.xib */; };
		AD9287122BBA8DD500A9246F /* PopoverViewController.xib in Resources */ = {isa = PBXBuildFile; fileRef = AD9287102BBA8DD500A9246F /* PopoverViewController.xib */; };
		AD9287132BBA8DD500A9246F /* PopoverViewController.swift in Sources */ = {isa = PBXBuildFile; fileRef = AD9287112BBA8DD500A9246F /* PopoverViewController.swift */; };
		AD9B873F2BBA946C0052A68A /* PickLanguageViewController.swift in Sources */ = {isa = PBXBuildFile; fileRef = AD9B873E2BBA946C0052A68A /* PickLanguageViewController.swift */; };
		AD9B87412BBABD030052A68A /* BaseModel.swift in Sources */ = {isa = PBXBuildFile; fileRef = AD9B87402BBABD030052A68A /* BaseModel.swift */; };
		AD9B87432BBAC46D0052A68A /* HomeModel.swift in Sources */ = {isa = PBXBuildFile; fileRef = AD9B87422BBAC46D0052A68A /* HomeModel.swift */; };
		ADA0BAE62BB2A26F007B39A8 /* TabBarController.swift in Sources */ = {isa = PBXBuildFile; fileRef = ADA0BAE52BB2A26F007B39A8 /* TabBarController.swift */; };
		ADA0BAE92BB2B3A4007B39A8 /* BookmarkViewController.swift in Sources */ = {isa = PBXBuildFile; fileRef = ADA0BAE82BB2B3A4007B39A8 /* BookmarkViewController.swift */; };
		ADA1360E2BBBE0D500E74F6E /* WebViewModel.swift in Sources */ = {isa = PBXBuildFile; fileRef = ADA1360D2BBBE0D500E74F6E /* WebViewModel.swift */; };
		ADA136132BBBE64C00E74F6E /* DataBase.xcdatamodeld in Sources */ = {isa = PBXBuildFile; fileRef = ADA136112BBBE64C00E74F6E /* DataBase.xcdatamodeld */; };
		ADA136852BBC0BDC00E74F6E /* CoreData.framework in Frameworks */ = {isa = PBXBuildFile; fileRef = ADA136842BBC0BDC00E74F6E /* CoreData.framework */; };
		ADA2C3F42BA9329B009E4F7C /* HomeViewController.swift in Sources */ = {isa = PBXBuildFile; fileRef = ADA2C3F32BA9329B009E4F7C /* HomeViewController.swift */; };
		ADA2F7132BB2C3E0009CB25C /* PolicyViewController.swift in Sources */ = {isa = PBXBuildFile; fileRef = ADA2F7122BB2C3E0009CB25C /* PolicyViewController.swift */; };
		ADA5EC5E2BB10A7D00A26281 /* Api.swift in Sources */ = {isa = PBXBuildFile; fileRef = ADA5EC5D2BB10A7D00A26281 /* Api.swift */; };
		ADA5EC602BB10B7A00A26281 /* XMLParserToObject.swift in Sources */ = {isa = PBXBuildFile; fileRef = ADA5EC5F2BB10B7A00A26281 /* XMLParserToObject.swift */; };
		ADD5E5EA2BB1987B00D296E5 /* ForgotPasswordViewController.swift in Sources */ = {isa = PBXBuildFile; fileRef = ADD5E5E92BB1987B00D296E5 /* ForgotPasswordViewController.swift */; };
		ADE00FEA2BAAB9B50041DE42 /* HomeCollectionViewCell.swift in Sources */ = {isa = PBXBuildFile; fileRef = ADE00FE92BAAB9B50041DE42 /* HomeCollectionViewCell.swift */; };
		ADE00FEC2BAABD9C0041DE42 /* HomeCollectionView.swift in Sources */ = {isa = PBXBuildFile; fileRef = ADE00FEB2BAABD9C0041DE42 /* HomeCollectionView.swift */; };
		ADE00FF02BAAD4800041DE42 /* HomeTableViewCell.swift in Sources */ = {isa = PBXBuildFile; fileRef = ADE00FEF2BAAD4800041DE42 /* HomeTableViewCell.swift */; };
		ADE00FF32BAAE01A0041DE42 /* ItemRss.swift in Sources */ = {isa = PBXBuildFile; fileRef = ADE00FF22BAAE01A0041DE42 /* ItemRss.swift */; };
		ADE00FF52BAAE4210041DE42 /* HomeTableView.swift in Sources */ = {isa = PBXBuildFile; fileRef = ADE00FF42BAAE4210041DE42 /* HomeTableView.swift */; };
		ADE535872BB119E3004E2D42 /* Category.swift in Sources */ = {isa = PBXBuildFile; fileRef = ADE535862BB119E3004E2D42 /* Category.swift */; };
		ADE7C01C2BB6C2F400AEB78B /* WebViewController.swift in Sources */ = {isa = PBXBuildFile; fileRef = ADE7C01B2BB6C2F300AEB78B /* WebViewController.swift */; };
		C52CE6C8E9A07CAEE0167716 /* Pods_news_app.framework in Frameworks */ = {isa = PBXBuildFile; fileRef = FD960B65A543EAA72928F457 /* Pods_news_app.framework */; };
		D75363E81820EB1943230A60 /* Pods_news_app_news_appUITests.framework in Frameworks */ = {isa = PBXBuildFile; fileRef = D777246889CA6F061FA9587A /* Pods_news_app_news_appUITests.framework */; };
/* End PBXBuildFile section */

/* Begin PBXContainerItemProxy section */
		AD8DBBEE2B9AE9300070D7A7 /* PBXContainerItemProxy */ = {
			isa = PBXContainerItemProxy;
			containerPortal = AD8DBBCF2B9AE92A0070D7A7 /* Project object */;
			proxyType = 1;
			remoteGlobalIDString = AD8DBBD62B9AE92A0070D7A7;
			remoteInfo = news_app;
		};
		AD8DBBF82B9AE9300070D7A7 /* PBXContainerItemProxy */ = {
			isa = PBXContainerItemProxy;
			containerPortal = AD8DBBCF2B9AE92A0070D7A7 /* Project object */;
			proxyType = 1;
			remoteGlobalIDString = AD8DBBD62B9AE92A0070D7A7;
			remoteInfo = news_app;
		};
/* End PBXContainerItemProxy section */

/* Begin PBXFileReference section */
		52EE036AA0A908D085E9C8A1 /* Pods-news_appTests.debug.xcconfig */ = {isa = PBXFileReference; includeInIndex = 1; lastKnownFileType = text.xcconfig; name = "Pods-news_appTests.debug.xcconfig"; path = "Target Support Files/Pods-news_appTests/Pods-news_appTests.debug.xcconfig"; sourceTree = "<group>"; };
		56E073DA07F2045BFAA7D6AA /* Pods-news_app.release.xcconfig */ = {isa = PBXFileReference; includeInIndex = 1; lastKnownFileType = text.xcconfig; name = "Pods-news_app.release.xcconfig"; path = "Target Support Files/Pods-news_app/Pods-news_app.release.xcconfig"; sourceTree = "<group>"; };
		6701503E613DEACD71C45A02 /* Pods-news_app.debug.xcconfig */ = {isa = PBXFileReference; includeInIndex = 1; lastKnownFileType = text.xcconfig; name = "Pods-news_app.debug.xcconfig"; path = "Target Support Files/Pods-news_app/Pods-news_app.debug.xcconfig"; sourceTree = "<group>"; };
		68DCC8678D7E07D559F6AD51 /* Pods-news_appTests.release.xcconfig */ = {isa = PBXFileReference; includeInIndex = 1; lastKnownFileType = text.xcconfig; name = "Pods-news_appTests.release.xcconfig"; path = "Target Support Files/Pods-news_appTests/Pods-news_appTests.release.xcconfig"; sourceTree = "<group>"; };
		8EB8E695BE926F81C9A6D2F6 /* Pods_news_appTests.framework */ = {isa = PBXFileReference; explicitFileType = wrapper.framework; includeInIndex = 0; path = Pods_news_appTests.framework; sourceTree = BUILT_PRODUCTS_DIR; };
		A5CFD5C337E84C3D3AC9C4F9 /* Pods-news_app-news_appUITests.debug.xcconfig */ = {isa = PBXFileReference; includeInIndex = 1; lastKnownFileType = text.xcconfig; name = "Pods-news_app-news_appUITests.debug.xcconfig"; path = "Target Support Files/Pods-news_app-news_appUITests/Pods-news_app-news_appUITests.debug.xcconfig"; sourceTree = "<group>"; };
		AD0914162BA8129900287227 /* Constant.swift */ = {isa = PBXFileReference; lastKnownFileType = sourcecode.swift; path = Constant.swift; sourceTree = "<group>"; };
		AD8DBBD72B9AE92A0070D7A7 /* news_app.app */ = {isa = PBXFileReference; explicitFileType = wrapper.application; includeInIndex = 0; path = news_app.app; sourceTree = BUILT_PRODUCTS_DIR; };
		AD8DBBDA2B9AE92A0070D7A7 /* AppDelegate.swift */ = {isa = PBXFileReference; lastKnownFileType = sourcecode.swift; path = AppDelegate.swift; sourceTree = "<group>"; };
		AD8DBBDC2B9AE92A0070D7A7 /* SceneDelegate.swift */ = {isa = PBXFileReference; lastKnownFileType = sourcecode.swift; path = SceneDelegate.swift; sourceTree = "<group>"; };
		AD8DBBDE2B9AE92A0070D7A7 /* SignUpSignInViewController.swift */ = {isa = PBXFileReference; lastKnownFileType = sourcecode.swift; path = SignUpSignInViewController.swift; sourceTree = "<group>"; };
		AD8DBBE12B9AE92A0070D7A7 /* Base */ = {isa = PBXFileReference; lastKnownFileType = file.storyboard; name = Base; path = Base.lproj/Main.storyboard; sourceTree = "<group>"; };
		AD8DBBE32B9AE9300070D7A7 /* Assets.xcassets */ = {isa = PBXFileReference; lastKnownFileType = folder.assetcatalog; path = Assets.xcassets; sourceTree = "<group>"; };
		AD8DBBE62B9AE9300070D7A7 /* Base */ = {isa = PBXFileReference; lastKnownFileType = file.storyboard; name = Base; path = Base.lproj/LaunchScreen.storyboard; sourceTree = "<group>"; };
		AD8DBBE82B9AE9300070D7A7 /* Info.plist */ = {isa = PBXFileReference; lastKnownFileType = text.plist.xml; path = Info.plist; sourceTree = "<group>"; };
		AD8DBBED2B9AE9300070D7A7 /* news_appTests.xctest */ = {isa = PBXFileReference; explicitFileType = wrapper.cfbundle; includeInIndex = 0; path = news_appTests.xctest; sourceTree = BUILT_PRODUCTS_DIR; };
		AD8DBBF12B9AE9300070D7A7 /* news_appTests.swift */ = {isa = PBXFileReference; lastKnownFileType = sourcecode.swift; path = news_appTests.swift; sourceTree = "<group>"; };
		AD8DBBF72B9AE9300070D7A7 /* news_appUITests.xctest */ = {isa = PBXFileReference; explicitFileType = wrapper.cfbundle; includeInIndex = 0; path = news_appUITests.xctest; sourceTree = BUILT_PRODUCTS_DIR; };
		AD8DBBFB2B9AE9300070D7A7 /* news_appUITests.swift */ = {isa = PBXFileReference; lastKnownFileType = sourcecode.swift; path = news_appUITests.swift; sourceTree = "<group>"; };
		AD8DBBFD2B9AE9300070D7A7 /* news_appUITestsLaunchTests.swift */ = {isa = PBXFileReference; lastKnownFileType = sourcecode.swift; path = news_appUITestsLaunchTests.swift; sourceTree = "<group>"; };
		AD8DBC0C2B9B10680070D7A7 /* CustomTextField.swift */ = {isa = PBXFileReference; lastKnownFileType = sourcecode.swift; path = CustomTextField.swift; sourceTree = "<group>"; };
		AD8DBC122B9EE89B0070D7A7 /* ButtonLogin.swift */ = {isa = PBXFileReference; lastKnownFileType = sourcecode.swift; path = ButtonLogin.swift; sourceTree = "<group>"; };
		AD8DBC152B9EF5090070D7A7 /* Extension.swift */ = {isa = PBXFileReference; lastKnownFileType = sourcecode.swift; path = Extension.swift; sourceTree = "<group>"; };
		AD8E537D2BB3D718000103DA /* AuthenticationModel.swift */ = {isa = PBXFileReference; lastKnownFileType = sourcecode.swift; path = AuthenticationModel.swift; sourceTree = "<group>"; };
		AD8E53822BB54E97000103DA /* SettingTableView.swift */ = {isa = PBXFileReference; lastKnownFileType = sourcecode.swift; path = SettingTableView.swift; sourceTree = "<group>"; };
		AD8E53842BB54EA7000103DA /* SettingTableViewCell.swift */ = {isa = PBXFileReference; lastKnownFileType = sourcecode.swift; path = SettingTableViewCell.swift; sourceTree = "<group>"; };
		AD8E53862BB54EC0000103DA /* SettingViewController.swift */ = {isa = PBXFileReference; lastKnownFileType = sourcecode.swift; path = SettingViewController.swift; sourceTree = "<group>"; };
		AD8E53882BB5502C000103DA /* vi */ = {isa = PBXFileReference; lastKnownFileType = text.plist.strings; name = vi; path = vi.lproj/Main.strings; sourceTree = "<group>"; };
		AD8E53892BB5502C000103DA /* vi */ = {isa = PBXFileReference; lastKnownFileType = text.plist.strings; name = vi; path = vi.lproj/LaunchScreen.strings; sourceTree = "<group>"; };
		AD8E538B2BB55177000103DA /* en */ = {isa = PBXFileReference; lastKnownFileType = text.plist.strings; name = en; path = en.lproj/Localizable.strings; sourceTree = "<group>"; };
		AD8E538D2BB55179000103DA /* vi */ = {isa = PBXFileReference; lastKnownFileType = text.plist.strings; name = vi; path = vi.lproj/Localizable.strings; sourceTree = "<group>"; };
		AD8E538E2BB5743E000103DA /* AccountViewController.swift */ = {isa = PBXFileReference; lastKnownFileType = sourcecode.swift; path = AccountViewController.swift; sourceTree = "<group>"; };
		AD8E53912BB576EA000103DA /* SettingTableViewCell.xib */ = {isa = PBXFileReference; lastKnownFileType = file.xib; path = SettingTableViewCell.xib; sourceTree = "<group>"; };
		AD9287102BBA8DD500A9246F /* PopoverViewController.xib */ = {isa = PBXFileReference; fileEncoding = 4; lastKnownFileType = file.xib; path = PopoverViewController.xib; sourceTree = "<group>"; };
		AD9287112BBA8DD500A9246F /* PopoverViewController.swift */ = {isa = PBXFileReference; fileEncoding = 4; lastKnownFileType = sourcecode.swift; path = PopoverViewController.swift; sourceTree = "<group>"; };
		AD9B873E2BBA946C0052A68A /* PickLanguageViewController.swift */ = {isa = PBXFileReference; lastKnownFileType = sourcecode.swift; path = PickLanguageViewController.swift; sourceTree = "<group>"; };
		AD9B87402BBABD030052A68A /* BaseModel.swift */ = {isa = PBXFileReference; lastKnownFileType = sourcecode.swift; path = BaseModel.swift; sourceTree = "<group>"; };
		AD9B87422BBAC46D0052A68A /* HomeModel.swift */ = {isa = PBXFileReference; lastKnownFileType = sourcecode.swift; path = HomeModel.swift; sourceTree = "<group>"; };
		ADA0BAE52BB2A26F007B39A8 /* TabBarController.swift */ = {isa = PBXFileReference; lastKnownFileType = sourcecode.swift; path = TabBarController.swift; sourceTree = "<group>"; };
		ADA0BAE82BB2B3A4007B39A8 /* BookmarkViewController.swift */ = {isa = PBXFileReference; lastKnownFileType = sourcecode.swift; path = BookmarkViewController.swift; sourceTree = "<group>"; };
		ADA1360D2BBBE0D500E74F6E /* WebViewModel.swift */ = {isa = PBXFileReference; lastKnownFileType = sourcecode.swift; path = WebViewModel.swift; sourceTree = "<group>"; };
		ADA136122BBBE64C00E74F6E /* DataBase.xcdatamodel */ = {isa = PBXFileReference; lastKnownFileType = wrapper.xcdatamodel; path = DataBase.xcdatamodel; sourceTree = "<group>"; };
		ADA136842BBC0BDC00E74F6E /* CoreData.framework */ = {isa = PBXFileReference; lastKnownFileType = wrapper.framework; name = CoreData.framework; path = System/Library/Frameworks/CoreData.framework; sourceTree = SDKROOT; };
		ADA2C3F32BA9329B009E4F7C /* HomeViewController.swift */ = {isa = PBXFileReference; lastKnownFileType = sourcecode.swift; name = HomeViewController.swift; path = news_app/View/Controller/TabBarHome/HomeViewController.swift; sourceTree = SOURCE_ROOT; };
		ADA2F7122BB2C3E0009CB25C /* PolicyViewController.swift */ = {isa = PBXFileReference; lastKnownFileType = sourcecode.swift; path = PolicyViewController.swift; sourceTree = "<group>"; };
		ADA5EC5D2BB10A7D00A26281 /* Api.swift */ = {isa = PBXFileReference; lastKnownFileType = sourcecode.swift; path = Api.swift; sourceTree = "<group>"; };
		ADA5EC5F2BB10B7A00A26281 /* XMLParserToObject.swift */ = {isa = PBXFileReference; lastKnownFileType = sourcecode.swift; path = XMLParserToObject.swift; sourceTree = "<group>"; };
		ADD5E5E92BB1987B00D296E5 /* ForgotPasswordViewController.swift */ = {isa = PBXFileReference; lastKnownFileType = sourcecode.swift; path = ForgotPasswordViewController.swift; sourceTree = "<group>"; };
		ADE00FE92BAAB9B50041DE42 /* HomeCollectionViewCell.swift */ = {isa = PBXFileReference; lastKnownFileType = sourcecode.swift; path = HomeCollectionViewCell.swift; sourceTree = "<group>"; };
		ADE00FEB2BAABD9C0041DE42 /* HomeCollectionView.swift */ = {isa = PBXFileReference; lastKnownFileType = sourcecode.swift; path = HomeCollectionView.swift; sourceTree = "<group>"; };
		ADE00FEF2BAAD4800041DE42 /* HomeTableViewCell.swift */ = {isa = PBXFileReference; lastKnownFileType = sourcecode.swift; path = HomeTableViewCell.swift; sourceTree = "<group>"; };
		ADE00FF22BAAE01A0041DE42 /* ItemRss.swift */ = {isa = PBXFileReference; lastKnownFileType = sourcecode.swift; path = ItemRss.swift; sourceTree = "<group>"; };
		ADE00FF42BAAE4210041DE42 /* HomeTableView.swift */ = {isa = PBXFileReference; lastKnownFileType = sourcecode.swift; path = HomeTableView.swift; sourceTree = "<group>"; };
		ADE535862BB119E3004E2D42 /* Category.swift */ = {isa = PBXFileReference; lastKnownFileType = sourcecode.swift; path = Category.swift; sourceTree = "<group>"; };
		ADE7C01B2BB6C2F300AEB78B /* WebViewController.swift */ = {isa = PBXFileReference; lastKnownFileType = sourcecode.swift; path = WebViewController.swift; sourceTree = "<group>"; };
		D777246889CA6F061FA9587A /* Pods_news_app_news_appUITests.framework */ = {isa = PBXFileReference; explicitFileType = wrapper.framework; includeInIndex = 0; path = Pods_news_app_news_appUITests.framework; sourceTree = BUILT_PRODUCTS_DIR; };
		E29E3FA5701DD17A9825D9F4 /* Pods-news_app-news_appUITests.release.xcconfig */ = {isa = PBXFileReference; includeInIndex = 1; lastKnownFileType = text.xcconfig; name = "Pods-news_app-news_appUITests.release.xcconfig"; path = "Target Support Files/Pods-news_app-news_appUITests/Pods-news_app-news_appUITests.release.xcconfig"; sourceTree = "<group>"; };
		FD960B65A543EAA72928F457 /* Pods_news_app.framework */ = {isa = PBXFileReference; explicitFileType = wrapper.framework; includeInIndex = 0; path = Pods_news_app.framework; sourceTree = BUILT_PRODUCTS_DIR; };
/* End PBXFileReference section */

/* Begin PBXFrameworksBuildPhase section */
		AD8DBBD42B9AE92A0070D7A7 /* Frameworks */ = {
			isa = PBXFrameworksBuildPhase;
			buildActionMask = 2147483647;
			files = (
				ADA136852BBC0BDC00E74F6E /* CoreData.framework in Frameworks */,
				C52CE6C8E9A07CAEE0167716 /* Pods_news_app.framework in Frameworks */,
			);
			runOnlyForDeploymentPostprocessing = 0;
		};
		AD8DBBEA2B9AE9300070D7A7 /* Frameworks */ = {
			isa = PBXFrameworksBuildPhase;
			buildActionMask = 2147483647;
			files = (
				544050A4B8741F87310CF21A /* Pods_news_appTests.framework in Frameworks */,
			);
			runOnlyForDeploymentPostprocessing = 0;
		};
		AD8DBBF42B9AE9300070D7A7 /* Frameworks */ = {
			isa = PBXFrameworksBuildPhase;
			buildActionMask = 2147483647;
			files = (
				D75363E81820EB1943230A60 /* Pods_news_app_news_appUITests.framework in Frameworks */,
			);
			runOnlyForDeploymentPostprocessing = 0;
		};
/* End PBXFrameworksBuildPhase section */

/* Begin PBXGroup section */
		0F4F3CBA1CE5E47003C4AC7D /* Pods */ = {
			isa = PBXGroup;
			children = (
				6701503E613DEACD71C45A02 /* Pods-news_app.debug.xcconfig */,
				56E073DA07F2045BFAA7D6AA /* Pods-news_app.release.xcconfig */,
				A5CFD5C337E84C3D3AC9C4F9 /* Pods-news_app-news_appUITests.debug.xcconfig */,
				E29E3FA5701DD17A9825D9F4 /* Pods-news_app-news_appUITests.release.xcconfig */,
				52EE036AA0A908D085E9C8A1 /* Pods-news_appTests.debug.xcconfig */,
				68DCC8678D7E07D559F6AD51 /* Pods-news_appTests.release.xcconfig */,
			);
			path = Pods;
			sourceTree = "<group>";
		};
		AD0914152BA8128A00287227 /* Base */ = {
			isa = PBXGroup;
			children = (
				AD8E538C2BB55177000103DA /* Localizable.strings */,
				AD0914162BA8129900287227 /* Constant.swift */,
				ADA5EC5F2BB10B7A00A26281 /* XMLParserToObject.swift */,
				AD9B87402BBABD030052A68A /* BaseModel.swift */,
			);
			path = Base;
			sourceTree = "<group>";
		};
		AD8DBBCE2B9AE92A0070D7A7 = {
			isa = PBXGroup;
			children = (
				AD8DBBD92B9AE92A0070D7A7 /* news_app */,
				AD8DBBF02B9AE9300070D7A7 /* news_appTests */,
				AD8DBBFA2B9AE9300070D7A7 /* news_appUITests */,
				AD8DBBD82B9AE92A0070D7A7 /* Products */,
				0F4F3CBA1CE5E47003C4AC7D /* Pods */,
				C11F5970E587499231A2AB9E /* Frameworks */,
			);
			sourceTree = "<group>";
			tabWidth = 4;
		};
		AD8DBBD82B9AE92A0070D7A7 /* Products */ = {
			isa = PBXGroup;
			children = (
				AD8DBBD72B9AE92A0070D7A7 /* news_app.app */,
				AD8DBBED2B9AE9300070D7A7 /* news_appTests.xctest */,
				AD8DBBF72B9AE9300070D7A7 /* news_appUITests.xctest */,
			);
			name = Products;
			sourceTree = "<group>";
		};
		AD8DBBD92B9AE92A0070D7A7 /* news_app */ = {
			isa = PBXGroup;
			children = (
				AD0914152BA8128A00287227 /* Base */,
				AD8DBC142B9EF4C40070D7A7 /* Extension */,
				ADA1360F2BBBE57000E74F6E /* Data */,
				ADA2C3F52BA93E9A009E4F7C /* View */,
				AD8DBBDA2B9AE92A0070D7A7 /* AppDelegate.swift */,
				AD8DBBDC2B9AE92A0070D7A7 /* SceneDelegate.swift */,
				AD8DBBE02B9AE92A0070D7A7 /* Main.storyboard */,
				AD8DBBE32B9AE9300070D7A7 /* Assets.xcassets */,
				AD8DBBE52B9AE9300070D7A7 /* LaunchScreen.storyboard */,
				AD8DBBE82B9AE9300070D7A7 /* Info.plist */,
			);
			path = news_app;
			sourceTree = "<group>";
		};
		AD8DBBF02B9AE9300070D7A7 /* news_appTests */ = {
			isa = PBXGroup;
			children = (
				AD8DBBF12B9AE9300070D7A7 /* news_appTests.swift */,
			);
			path = news_appTests;
			sourceTree = "<group>";
		};
		AD8DBBFA2B9AE9300070D7A7 /* news_appUITests */ = {
			isa = PBXGroup;
			children = (
				AD8DBBFB2B9AE9300070D7A7 /* news_appUITests.swift */,
				AD8DBBFD2B9AE9300070D7A7 /* news_appUITestsLaunchTests.swift */,
			);
			path = news_appUITests;
			sourceTree = "<group>";
		};
		AD8DBC0A2B9B0E2E0070D7A7 /* Controller */ = {
			isa = PBXGroup;
			children = (
				ADA0BAE42BB2A24A007B39A8 /* TabBarHome */,
				AD9287112BBA8DD500A9246F /* PopoverViewController.swift */,
				AD9287102BBA8DD500A9246F /* PopoverViewController.xib */,
				ADE00FF62BAAE57E0041DE42 /* Authentication */,
			);
			path = Controller;
			sourceTree = "<group>";
		};
		AD8DBC0B2B9B0FE30070D7A7 /* CustomView */ = {
			isa = PBXGroup;
			children = (
				AD8DBC0C2B9B10680070D7A7 /* CustomTextField.swift */,
				AD8DBC122B9EE89B0070D7A7 /* ButtonLogin.swift */,
			);
			path = CustomView;
			sourceTree = "<group>";
		};
		AD8DBC142B9EF4C40070D7A7 /* Extension */ = {
			isa = PBXGroup;
			children = (
				AD8DBC152B9EF5090070D7A7 /* Extension.swift */,
			);
			path = Extension;
			sourceTree = "<group>";
		};
		AD8E53812BB529C0000103DA /* Setting */ = {
			isa = PBXGroup;
			children = (
				AD8E53822BB54E97000103DA /* SettingTableView.swift */,
				AD8E53842BB54EA7000103DA /* SettingTableViewCell.swift */,
				AD8E53912BB576EA000103DA /* SettingTableViewCell.xib */,
				AD8E538E2BB5743E000103DA /* AccountViewController.swift */,
				AD8E53862BB54EC0000103DA /* SettingViewController.swift */,
				AD9B873E2BBA946C0052A68A /* PickLanguageViewController.swift */,
			);
			path = Setting;
			sourceTree = "<group>";
		};
		ADA0BAE42BB2A24A007B39A8 /* TabBarHome */ = {
			isa = PBXGroup;
			children = (
				AD8E53812BB529C0000103DA /* Setting */,
				ADA0BAE72BB2B24A007B39A8 /* Bookmark */,
				ADE00FE82BAAB9760041DE42 /* Home */,
				ADE7C01A2BB6C2C700AEB78B /* WebView */,
				ADA0BAE52BB2A26F007B39A8 /* TabBarController.swift */,
			);
			path = TabBarHome;
			sourceTree = "<group>";
		};
		ADA0BAE72BB2B24A007B39A8 /* Bookmark */ = {
			isa = PBXGroup;
			children = (
				ADA0BAE82BB2B3A4007B39A8 /* BookmarkViewController.swift */,
			);
			path = Bookmark;
			sourceTree = "<group>";
		};
		ADA1360F2BBBE57000E74F6E /* Data */ = {
			isa = PBXGroup;
			children = (
				ADA136102BBBE59100E74F6E /* Local */,
				ADE00FF82BAAF4270041DE42 /* Api */,
				ADA136112BBBE64C00E74F6E /* DataBase.xcdatamodeld */,
			);
			path = Data;
			sourceTree = "<group>";
		};
		ADA136102BBBE59100E74F6E /* Local */ = {
			isa = PBXGroup;
			children = (
			);
			path = Local;
			sourceTree = "<group>";
		};
		ADA2C3F52BA93E9A009E4F7C /* View */ = {
			isa = PBXGroup;
			children = (
				AD8DBC0B2B9B0FE30070D7A7 /* CustomView */,
				AD8DBC0A2B9B0E2E0070D7A7 /* Controller */,
			);
			path = View;
			sourceTree = "<group>";
		};
		ADA2F70F2BB2C0F7009CB25C /* Policy */ = {
			isa = PBXGroup;
			children = (
				ADA2F7122BB2C3E0009CB25C /* PolicyViewController.swift */,
			);
			path = Policy;
			sourceTree = "<group>";
		};
		ADD5E5E82BB1985A00D296E5 /* ForgotPassword */ = {
			isa = PBXGroup;
			children = (
				ADD5E5E92BB1987B00D296E5 /* ForgotPasswordViewController.swift */,
			);
			path = ForgotPassword;
			sourceTree = "<group>";
		};
		ADE00FE82BAAB9760041DE42 /* Home */ = {
			isa = PBXGroup;
			children = (
				ADE00FE92BAAB9B50041DE42 /* HomeCollectionViewCell.swift */,
				ADE00FEB2BAABD9C0041DE42 /* HomeCollectionView.swift */,
				ADE00FEF2BAAD4800041DE42 /* HomeTableViewCell.swift */,
				ADE00FF42BAAE4210041DE42 /* HomeTableView.swift */,
				ADA2C3F32BA9329B009E4F7C /* HomeViewController.swift */,
				AD9B87422BBAC46D0052A68A /* HomeModel.swift */,
			);
			path = Home;
			sourceTree = "<group>";
		};
		ADE00FF62BAAE57E0041DE42 /* Authentication */ = {
			isa = PBXGroup;
			children = (
				ADD5E5E82BB1985A00D296E5 /* ForgotPassword */,
				AD8DBBDE2B9AE92A0070D7A7 /* SignUpSignInViewController.swift */,
				AD8E537D2BB3D718000103DA /* AuthenticationModel.swift */,
				ADA2F70F2BB2C0F7009CB25C /* Policy */,
			);
			path = Authentication;
			sourceTree = "<group>";
		};
		ADE00FF82BAAF4270041DE42 /* Api */ = {
			isa = PBXGroup;
			children = (
				ADE00FF22BAAE01A0041DE42 /* ItemRss.swift */,
				ADE535862BB119E3004E2D42 /* Category.swift */,
				ADA5EC5D2BB10A7D00A26281 /* Api.swift */,
			);
			path = Api;
			sourceTree = "<group>";
		};
		ADE7C01A2BB6C2C700AEB78B /* WebView */ = {
			isa = PBXGroup;
			children = (
				ADE7C01B2BB6C2F300AEB78B /* WebViewController.swift */,
				ADA1360D2BBBE0D500E74F6E /* WebViewModel.swift */,
			);
			path = WebView;
			sourceTree = "<group>";
		};
		C11F5970E587499231A2AB9E /* Frameworks */ = {
			isa = PBXGroup;
			children = (
				ADA136842BBC0BDC00E74F6E /* CoreData.framework */,
				FD960B65A543EAA72928F457 /* Pods_news_app.framework */,
				D777246889CA6F061FA9587A /* Pods_news_app_news_appUITests.framework */,
				8EB8E695BE926F81C9A6D2F6 /* Pods_news_appTests.framework */,
			);
			name = Frameworks;
			sourceTree = "<group>";
		};
/* End PBXGroup section */

/* Begin PBXNativeTarget section */
		AD8DBBD62B9AE92A0070D7A7 /* news_app */ = {
			isa = PBXNativeTarget;
			buildConfigurationList = AD8DBC012B9AE9300070D7A7 /* Build configuration list for PBXNativeTarget "news_app" */;
			buildPhases = (
				5A841113BB440D999D14D8E6 /* [CP] Check Pods Manifest.lock */,
				AD8DBBD32B9AE92A0070D7A7 /* Sources */,
				AD8DBBD42B9AE92A0070D7A7 /* Frameworks */,
				AD8DBBD52B9AE92A0070D7A7 /* Resources */,
				E23068270CF6806ED9646627 /* [CP] Embed Pods Frameworks */,
			);
			buildRules = (
			);
			dependencies = (
			);
			name = news_app;
			productName = news_app;
			productReference = AD8DBBD72B9AE92A0070D7A7 /* news_app.app */;
			productType = "com.apple.product-type.application";
		};
		AD8DBBEC2B9AE9300070D7A7 /* news_appTests */ = {
			isa = PBXNativeTarget;
			buildConfigurationList = AD8DBC042B9AE9300070D7A7 /* Build configuration list for PBXNativeTarget "news_appTests" */;
			buildPhases = (
				DBB88C3AF820AA5C26A95F9B /* [CP] Check Pods Manifest.lock */,
				AD8DBBE92B9AE9300070D7A7 /* Sources */,
				AD8DBBEA2B9AE9300070D7A7 /* Frameworks */,
				AD8DBBEB2B9AE9300070D7A7 /* Resources */,
			);
			buildRules = (
			);
			dependencies = (
				AD8DBBEF2B9AE9300070D7A7 /* PBXTargetDependency */,
			);
			name = news_appTests;
			productName = news_appTests;
			productReference = AD8DBBED2B9AE9300070D7A7 /* news_appTests.xctest */;
			productType = "com.apple.product-type.bundle.unit-test";
		};
		AD8DBBF62B9AE9300070D7A7 /* news_appUITests */ = {
			isa = PBXNativeTarget;
			buildConfigurationList = AD8DBC072B9AE9300070D7A7 /* Build configuration list for PBXNativeTarget "news_appUITests" */;
			buildPhases = (
				E67E06D9630F1BA568D44159 /* [CP] Check Pods Manifest.lock */,
				AD8DBBF32B9AE9300070D7A7 /* Sources */,
				AD8DBBF42B9AE9300070D7A7 /* Frameworks */,
				AD8DBBF52B9AE9300070D7A7 /* Resources */,
				88D066DF3CA281566BFB1B93 /* [CP] Embed Pods Frameworks */,
			);
			buildRules = (
			);
			dependencies = (
				AD8DBBF92B9AE9300070D7A7 /* PBXTargetDependency */,
			);
			name = news_appUITests;
			productName = news_appUITests;
			productReference = AD8DBBF72B9AE9300070D7A7 /* news_appUITests.xctest */;
			productType = "com.apple.product-type.bundle.ui-testing";
		};
/* End PBXNativeTarget section */

/* Begin PBXProject section */
		AD8DBBCF2B9AE92A0070D7A7 /* Project object */ = {
			isa = PBXProject;
			attributes = {
				BuildIndependentTargetsInParallel = 1;
				LastSwiftUpdateCheck = 1340;
				LastUpgradeCheck = 1340;
				TargetAttributes = {
					AD8DBBD62B9AE92A0070D7A7 = {
						CreatedOnToolsVersion = 13.4.1;
					};
					AD8DBBEC2B9AE9300070D7A7 = {
						CreatedOnToolsVersion = 13.4.1;
						TestTargetID = AD8DBBD62B9AE92A0070D7A7;
					};
					AD8DBBF62B9AE9300070D7A7 = {
						CreatedOnToolsVersion = 13.4.1;
						TestTargetID = AD8DBBD62B9AE92A0070D7A7;
					};
				};
			};
			buildConfigurationList = AD8DBBD22B9AE92A0070D7A7 /* Build configuration list for PBXProject "news_app" */;
			compatibilityVersion = "Xcode 11.4";
			developmentRegion = en;
			hasScannedForEncodings = 0;
			knownRegions = (
				en,
				Base,
				vi,
			);
			mainGroup = AD8DBBCE2B9AE92A0070D7A7;
			productRefGroup = AD8DBBD82B9AE92A0070D7A7 /* Products */;
			projectDirPath = "";
			projectRoot = "";
			targets = (
				AD8DBBD62B9AE92A0070D7A7 /* news_app */,
				AD8DBBEC2B9AE9300070D7A7 /* news_appTests */,
				AD8DBBF62B9AE9300070D7A7 /* news_appUITests */,
			);
		};
/* End PBXProject section */

/* Begin PBXResourcesBuildPhase section */
		AD8DBBD52B9AE92A0070D7A7 /* Resources */ = {
			isa = PBXResourcesBuildPhase;
			buildActionMask = 2147483647;
			files = (
				AD8DBBE72B9AE9300070D7A7 /* LaunchScreen.storyboard in Resources */,
				AD8E538A2BB55177000103DA /* Localizable.strings in Resources */,
				AD9287122BBA8DD500A9246F /* PopoverViewController.xib in Resources */,
				AD8DBBE42B9AE9300070D7A7 /* Assets.xcassets in Resources */,
				AD8E53932BB576EA000103DA /* SettingTableViewCell.xib in Resources */,
				AD8DBBE22B9AE92A0070D7A7 /* Main.storyboard in Resources */,
			);
			runOnlyForDeploymentPostprocessing = 0;
		};
		AD8DBBEB2B9AE9300070D7A7 /* Resources */ = {
			isa = PBXResourcesBuildPhase;
			buildActionMask = 2147483647;
			files = (
			);
			runOnlyForDeploymentPostprocessing = 0;
		};
		AD8DBBF52B9AE9300070D7A7 /* Resources */ = {
			isa = PBXResourcesBuildPhase;
			buildActionMask = 2147483647;
			files = (
			);
			runOnlyForDeploymentPostprocessing = 0;
		};
/* End PBXResourcesBuildPhase section */

/* Begin PBXShellScriptBuildPhase section */
		5A841113BB440D999D14D8E6 /* [CP] Check Pods Manifest.lock */ = {
			isa = PBXShellScriptBuildPhase;
			buildActionMask = 2147483647;
			files = (
			);
			inputFileListPaths = (
			);
			inputPaths = (
				"${PODS_PODFILE_DIR_PATH}/Podfile.lock",
				"${PODS_ROOT}/Manifest.lock",
			);
			name = "[CP] Check Pods Manifest.lock";
			outputFileListPaths = (
			);
			outputPaths = (
				"$(DERIVED_FILE_DIR)/Pods-news_app-checkManifestLockResult.txt",
			);
			runOnlyForDeploymentPostprocessing = 0;
			shellPath = /bin/sh;
			shellScript = "diff \"${PODS_PODFILE_DIR_PATH}/Podfile.lock\" \"${PODS_ROOT}/Manifest.lock\" > /dev/null\nif [ $? != 0 ] ; then\n    # print error to STDERR\n    echo \"error: The sandbox is not in sync with the Podfile.lock. Run 'pod install' or update your CocoaPods installation.\" >&2\n    exit 1\nfi\n# This output is used by Xcode 'outputs' to avoid re-running this script phase.\necho \"SUCCESS\" > \"${SCRIPT_OUTPUT_FILE_0}\"\n";
			showEnvVarsInLog = 0;
		};
		88D066DF3CA281566BFB1B93 /* [CP] Embed Pods Frameworks */ = {
			isa = PBXShellScriptBuildPhase;
			buildActionMask = 2147483647;
			files = (
			);
			inputFileListPaths = (
				"${PODS_ROOT}/Target Support Files/Pods-news_app-news_appUITests/Pods-news_app-news_appUITests-frameworks-${CONFIGURATION}-input-files.xcfilelist",
			);
			name = "[CP] Embed Pods Frameworks";
			outputFileListPaths = (
				"${PODS_ROOT}/Target Support Files/Pods-news_app-news_appUITests/Pods-news_app-news_appUITests-frameworks-${CONFIGURATION}-output-files.xcfilelist",
			);
			runOnlyForDeploymentPostprocessing = 0;
			shellPath = /bin/sh;
			shellScript = "\"${PODS_ROOT}/Target Support Files/Pods-news_app-news_appUITests/Pods-news_app-news_appUITests-frameworks.sh\"\n";
			showEnvVarsInLog = 0;
		};
		DBB88C3AF820AA5C26A95F9B /* [CP] Check Pods Manifest.lock */ = {
			isa = PBXShellScriptBuildPhase;
			buildActionMask = 2147483647;
			files = (
			);
			inputFileListPaths = (
			);
			inputPaths = (
				"${PODS_PODFILE_DIR_PATH}/Podfile.lock",
				"${PODS_ROOT}/Manifest.lock",
			);
			name = "[CP] Check Pods Manifest.lock";
			outputFileListPaths = (
			);
			outputPaths = (
				"$(DERIVED_FILE_DIR)/Pods-news_appTests-checkManifestLockResult.txt",
			);
			runOnlyForDeploymentPostprocessing = 0;
			shellPath = /bin/sh;
			shellScript = "diff \"${PODS_PODFILE_DIR_PATH}/Podfile.lock\" \"${PODS_ROOT}/Manifest.lock\" > /dev/null\nif [ $? != 0 ] ; then\n    # print error to STDERR\n    echo \"error: The sandbox is not in sync with the Podfile.lock. Run 'pod install' or update your CocoaPods installation.\" >&2\n    exit 1\nfi\n# This output is used by Xcode 'outputs' to avoid re-running this script phase.\necho \"SUCCESS\" > \"${SCRIPT_OUTPUT_FILE_0}\"\n";
			showEnvVarsInLog = 0;
		};
		E23068270CF6806ED9646627 /* [CP] Embed Pods Frameworks */ = {
			isa = PBXShellScriptBuildPhase;
			buildActionMask = 2147483647;
			files = (
			);
			inputFileListPaths = (
				"${PODS_ROOT}/Target Support Files/Pods-news_app/Pods-news_app-frameworks-${CONFIGURATION}-input-files.xcfilelist",
			);
			name = "[CP] Embed Pods Frameworks";
			outputFileListPaths = (
				"${PODS_ROOT}/Target Support Files/Pods-news_app/Pods-news_app-frameworks-${CONFIGURATION}-output-files.xcfilelist",
			);
			runOnlyForDeploymentPostprocessing = 0;
			shellPath = /bin/sh;
			shellScript = "\"${PODS_ROOT}/Target Support Files/Pods-news_app/Pods-news_app-frameworks.sh\"\n";
			showEnvVarsInLog = 0;
		};
		E67E06D9630F1BA568D44159 /* [CP] Check Pods Manifest.lock */ = {
			isa = PBXShellScriptBuildPhase;
			buildActionMask = 2147483647;
			files = (
			);
			inputFileListPaths = (
			);
			inputPaths = (
				"${PODS_PODFILE_DIR_PATH}/Podfile.lock",
				"${PODS_ROOT}/Manifest.lock",
			);
			name = "[CP] Check Pods Manifest.lock";
			outputFileListPaths = (
			);
			outputPaths = (
				"$(DERIVED_FILE_DIR)/Pods-news_app-news_appUITests-checkManifestLockResult.txt",
			);
			runOnlyForDeploymentPostprocessing = 0;
			shellPath = /bin/sh;
			shellScript = "diff \"${PODS_PODFILE_DIR_PATH}/Podfile.lock\" \"${PODS_ROOT}/Manifest.lock\" > /dev/null\nif [ $? != 0 ] ; then\n    # print error to STDERR\n    echo \"error: The sandbox is not in sync with the Podfile.lock. Run 'pod install' or update your CocoaPods installation.\" >&2\n    exit 1\nfi\n# This output is used by Xcode 'outputs' to avoid re-running this script phase.\necho \"SUCCESS\" > \"${SCRIPT_OUTPUT_FILE_0}\"\n";
			showEnvVarsInLog = 0;
		};
/* End PBXShellScriptBuildPhase section */

/* Begin PBXSourcesBuildPhase section */
		AD8DBBD32B9AE92A0070D7A7 /* Sources */ = {
			isa = PBXSourcesBuildPhase;
			buildActionMask = 2147483647;
			files = (
				ADE00FF52BAAE4210041DE42 /* HomeTableView.swift in Sources */,
				AD8E538F2BB5743E000103DA /* AccountViewController.swift in Sources */,
				ADA136132BBBE64C00E74F6E /* DataBase.xcdatamodeld in Sources */,
				AD8DBC0D2B9B10680070D7A7 /* CustomTextField.swift in Sources */,
				ADA5EC5E2BB10A7D00A26281 /* Api.swift in Sources */,
				ADA0BAE92BB2B3A4007B39A8 /* BookmarkViewController.swift in Sources */,
				AD8DBC162B9EF5090070D7A7 /* Extension.swift in Sources */,
				AD8E53852BB54EA7000103DA /* SettingTableViewCell.swift in Sources */,
				ADE00FEC2BAABD9C0041DE42 /* HomeCollectionView.swift in Sources */,
				AD9B87432BBAC46D0052A68A /* HomeModel.swift in Sources */,
				ADD5E5EA2BB1987B00D296E5 /* ForgotPasswordViewController.swift in Sources */,
				AD0914172BA8129900287227 /* Constant.swift in Sources */,
				AD8DBBDF2B9AE92A0070D7A7 /* SignUpSignInViewController.swift in Sources */,
				ADE7C01C2BB6C2F400AEB78B /* WebViewController.swift in Sources */,
				ADE00FF02BAAD4800041DE42 /* HomeTableViewCell.swift in Sources */,
				AD8E53872BB54EC0000103DA /* SettingViewController.swift in Sources */,
				AD9B873F2BBA946C0052A68A /* PickLanguageViewController.swift in Sources */,
				ADA0BAE62BB2A26F007B39A8 /* TabBarController.swift in Sources */,
				ADE00FEA2BAAB9B50041DE42 /* HomeCollectionViewCell.swift in Sources */,
				AD9B87412BBABD030052A68A /* BaseModel.swift in Sources */,
				AD9287132BBA8DD500A9246F /* PopoverViewController.swift in Sources */,
				AD8E537E2BB3D718000103DA /* AuthenticationModel.swift in Sources */,
				ADA5EC602BB10B7A00A26281 /* XMLParserToObject.swift in Sources */,
				ADE535872BB119E3004E2D42 /* Category.swift in Sources */,
				ADA1360E2BBBE0D500E74F6E /* WebViewModel.swift in Sources */,
				ADA2C3F42BA9329B009E4F7C /* HomeViewController.swift in Sources */,
				AD8DBC132B9EE89B0070D7A7 /* ButtonLogin.swift in Sources */,
				AD8DBBDB2B9AE92A0070D7A7 /* AppDelegate.swift in Sources */,
				ADE00FF32BAAE01A0041DE42 /* ItemRss.swift in Sources */,
				AD8DBBDD2B9AE92A0070D7A7 /* SceneDelegate.swift in Sources */,
				AD8E53832BB54E97000103DA /* SettingTableView.swift in Sources */,
				ADA2F7132BB2C3E0009CB25C /* PolicyViewController.swift in Sources */,
			);
			runOnlyForDeploymentPostprocessing = 0;
		};
		AD8DBBE92B9AE9300070D7A7 /* Sources */ = {
			isa = PBXSourcesBuildPhase;
			buildActionMask = 2147483647;
			files = (
				AD8DBBF22B9AE9300070D7A7 /* news_appTests.swift in Sources */,
			);
			runOnlyForDeploymentPostprocessing = 0;
		};
		AD8DBBF32B9AE9300070D7A7 /* Sources */ = {
			isa = PBXSourcesBuildPhase;
			buildActionMask = 2147483647;
			files = (
				AD8DBBFE2B9AE9300070D7A7 /* news_appUITestsLaunchTests.swift in Sources */,
				AD8DBBFC2B9AE9300070D7A7 /* news_appUITests.swift in Sources */,
			);
			runOnlyForDeploymentPostprocessing = 0;
		};
/* End PBXSourcesBuildPhase section */

/* Begin PBXTargetDependency section */
		AD8DBBEF2B9AE9300070D7A7 /* PBXTargetDependency */ = {
			isa = PBXTargetDependency;
			target = AD8DBBD62B9AE92A0070D7A7 /* news_app */;
			targetProxy = AD8DBBEE2B9AE9300070D7A7 /* PBXContainerItemProxy */;
		};
		AD8DBBF92B9AE9300070D7A7 /* PBXTargetDependency */ = {
			isa = PBXTargetDependency;
			target = AD8DBBD62B9AE92A0070D7A7 /* news_app */;
			targetProxy = AD8DBBF82B9AE9300070D7A7 /* PBXContainerItemProxy */;
		};
/* End PBXTargetDependency section */

/* Begin PBXVariantGroup section */
		AD8DBBE02B9AE92A0070D7A7 /* Main.storyboard */ = {
			isa = PBXVariantGroup;
			children = (
				AD8DBBE12B9AE92A0070D7A7 /* Base */,
				AD8E53882BB5502C000103DA /* vi */,
			);
			name = Main.storyboard;
			sourceTree = "<group>";
		};
		AD8DBBE52B9AE9300070D7A7 /* LaunchScreen.storyboard */ = {
			isa = PBXVariantGroup;
			children = (
				AD8DBBE62B9AE9300070D7A7 /* Base */,
				AD8E53892BB5502C000103DA /* vi */,
			);
			name = LaunchScreen.storyboard;
			sourceTree = "<group>";
		};
		AD8E538C2BB55177000103DA /* Localizable.strings */ = {
			isa = PBXVariantGroup;
			children = (
				AD8E538B2BB55177000103DA /* en */,
				AD8E538D2BB55179000103DA /* vi */,
			);
			name = Localizable.strings;
			sourceTree = "<group>";
		};
/* End PBXVariantGroup section */

/* Begin XCBuildConfiguration section */
		AD8DBBFF2B9AE9300070D7A7 /* Debug */ = {
			isa = XCBuildConfiguration;
			buildSettings = {
				ALWAYS_SEARCH_USER_PATHS = NO;
				CLANG_ANALYZER_LOCALIZABILITY_NONLOCALIZED = YES;
				CLANG_ANALYZER_NONNULL = YES;
				CLANG_ANALYZER_NUMBER_OBJECT_CONVERSION = YES_AGGRESSIVE;
				CLANG_CXX_LANGUAGE_STANDARD = "gnu++17";
				CLANG_ENABLE_MODULES = YES;
				CLANG_ENABLE_OBJC_ARC = YES;
				CLANG_ENABLE_OBJC_WEAK = YES;
				CLANG_WARN_BLOCK_CAPTURE_AUTORELEASING = YES;
				CLANG_WARN_BOOL_CONVERSION = YES;
				CLANG_WARN_COMMA = YES;
				CLANG_WARN_CONSTANT_CONVERSION = YES;
				CLANG_WARN_DEPRECATED_OBJC_IMPLEMENTATIONS = YES;
				CLANG_WARN_DIRECT_OBJC_ISA_USAGE = YES_ERROR;
				CLANG_WARN_DOCUMENTATION_COMMENTS = YES;
				CLANG_WARN_EMPTY_BODY = YES;
				CLANG_WARN_ENUM_CONVERSION = YES;
				CLANG_WARN_INFINITE_RECURSION = YES;
				CLANG_WARN_INT_CONVERSION = YES;
				CLANG_WARN_NON_LITERAL_NULL_CONVERSION = YES;
				CLANG_WARN_OBJC_IMPLICIT_RETAIN_SELF = YES;
				CLANG_WARN_OBJC_LITERAL_CONVERSION = YES;
				CLANG_WARN_OBJC_ROOT_CLASS = YES_ERROR;
				CLANG_WARN_QUOTED_INCLUDE_IN_FRAMEWORK_HEADER = YES;
				CLANG_WARN_RANGE_LOOP_ANALYSIS = YES;
				CLANG_WARN_STRICT_PROTOTYPES = YES;
				CLANG_WARN_SUSPICIOUS_MOVE = YES;
				CLANG_WARN_UNGUARDED_AVAILABILITY = YES_AGGRESSIVE;
				CLANG_WARN_UNREACHABLE_CODE = YES;
				CLANG_WARN__DUPLICATE_METHOD_MATCH = YES;
				COPY_PHASE_STRIP = NO;
				DEBUG_INFORMATION_FORMAT = dwarf;
				ENABLE_STRICT_OBJC_MSGSEND = YES;
				ENABLE_TESTABILITY = YES;
				GCC_C_LANGUAGE_STANDARD = gnu11;
				GCC_DYNAMIC_NO_PIC = NO;
				GCC_NO_COMMON_BLOCKS = YES;
				GCC_OPTIMIZATION_LEVEL = 0;
				GCC_PREPROCESSOR_DEFINITIONS = (
					"DEBUG=1",
					"$(inherited)",
				);
				GCC_WARN_64_TO_32_BIT_CONVERSION = YES;
				GCC_WARN_ABOUT_RETURN_TYPE = YES_ERROR;
				GCC_WARN_UNDECLARED_SELECTOR = YES;
				GCC_WARN_UNINITIALIZED_AUTOS = YES_AGGRESSIVE;
				GCC_WARN_UNUSED_FUNCTION = YES;
				GCC_WARN_UNUSED_VARIABLE = YES;
				IPHONEOS_DEPLOYMENT_TARGET = 13.0;
				MTL_ENABLE_DEBUG_INFO = INCLUDE_SOURCE;
				MTL_FAST_MATH = YES;
				ONLY_ACTIVE_ARCH = YES;
				SDKROOT = iphoneos;
				SWIFT_ACTIVE_COMPILATION_CONDITIONS = DEBUG;
				SWIFT_OPTIMIZATION_LEVEL = "-Onone";
			};
			name = Debug;
		};
		AD8DBC002B9AE9300070D7A7 /* Release */ = {
			isa = XCBuildConfiguration;
			buildSettings = {
				ALWAYS_SEARCH_USER_PATHS = NO;
				CLANG_ANALYZER_LOCALIZABILITY_NONLOCALIZED = YES;
				CLANG_ANALYZER_NONNULL = YES;
				CLANG_ANALYZER_NUMBER_OBJECT_CONVERSION = YES_AGGRESSIVE;
				CLANG_CXX_LANGUAGE_STANDARD = "gnu++17";
				CLANG_ENABLE_MODULES = YES;
				CLANG_ENABLE_OBJC_ARC = YES;
				CLANG_ENABLE_OBJC_WEAK = YES;
				CLANG_WARN_BLOCK_CAPTURE_AUTORELEASING = YES;
				CLANG_WARN_BOOL_CONVERSION = YES;
				CLANG_WARN_COMMA = YES;
				CLANG_WARN_CONSTANT_CONVERSION = YES;
				CLANG_WARN_DEPRECATED_OBJC_IMPLEMENTATIONS = YES;
				CLANG_WARN_DIRECT_OBJC_ISA_USAGE = YES_ERROR;
				CLANG_WARN_DOCUMENTATION_COMMENTS = YES;
				CLANG_WARN_EMPTY_BODY = YES;
				CLANG_WARN_ENUM_CONVERSION = YES;
				CLANG_WARN_INFINITE_RECURSION = YES;
				CLANG_WARN_INT_CONVERSION = YES;
				CLANG_WARN_NON_LITERAL_NULL_CONVERSION = YES;
				CLANG_WARN_OBJC_IMPLICIT_RETAIN_SELF = YES;
				CLANG_WARN_OBJC_LITERAL_CONVERSION = YES;
				CLANG_WARN_OBJC_ROOT_CLASS = YES_ERROR;
				CLANG_WARN_QUOTED_INCLUDE_IN_FRAMEWORK_HEADER = YES;
				CLANG_WARN_RANGE_LOOP_ANALYSIS = YES;
				CLANG_WARN_STRICT_PROTOTYPES = YES;
				CLANG_WARN_SUSPICIOUS_MOVE = YES;
				CLANG_WARN_UNGUARDED_AVAILABILITY = YES_AGGRESSIVE;
				CLANG_WARN_UNREACHABLE_CODE = YES;
				CLANG_WARN__DUPLICATE_METHOD_MATCH = YES;
				COPY_PHASE_STRIP = NO;
				DEBUG_INFORMATION_FORMAT = "dwarf-with-dsym";
				ENABLE_NS_ASSERTIONS = NO;
				ENABLE_STRICT_OBJC_MSGSEND = YES;
				GCC_C_LANGUAGE_STANDARD = gnu11;
				GCC_NO_COMMON_BLOCKS = YES;
				GCC_WARN_64_TO_32_BIT_CONVERSION = YES;
				GCC_WARN_ABOUT_RETURN_TYPE = YES_ERROR;
				GCC_WARN_UNDECLARED_SELECTOR = YES;
				GCC_WARN_UNINITIALIZED_AUTOS = YES_AGGRESSIVE;
				GCC_WARN_UNUSED_FUNCTION = YES;
				GCC_WARN_UNUSED_VARIABLE = YES;
				IPHONEOS_DEPLOYMENT_TARGET = 13.0;
				MTL_ENABLE_DEBUG_INFO = NO;
				MTL_FAST_MATH = YES;
				SDKROOT = iphoneos;
				SWIFT_COMPILATION_MODE = wholemodule;
				SWIFT_OPTIMIZATION_LEVEL = "-O";
				VALIDATE_PRODUCT = YES;
			};
			name = Release;
		};
		AD8DBC022B9AE9300070D7A7 /* Debug */ = {
			isa = XCBuildConfiguration;
			baseConfigurationReference = 6701503E613DEACD71C45A02 /* Pods-news_app.debug.xcconfig */;
			buildSettings = {
				ASSETCATALOG_COMPILER_APPICON_NAME = AppIcon;
				ASSETCATALOG_COMPILER_GLOBAL_ACCENT_COLOR_NAME = AccentColor;
				CODE_SIGN_STYLE = Automatic;
				CURRENT_PROJECT_VERSION = 1;
				GENERATE_INFOPLIST_FILE = YES;
				INFOPLIST_FILE = news_app/Info.plist;
				INFOPLIST_KEY_UIApplicationSupportsIndirectInputEvents = YES;
				INFOPLIST_KEY_UILaunchStoryboardName = LaunchScreen;
				INFOPLIST_KEY_UIMainStoryboardFile = Main;
				INFOPLIST_KEY_UISupportedInterfaceOrientations = UIInterfaceOrientationPortrait;
				INFOPLIST_KEY_UISupportedInterfaceOrientations_iPad = "UIInterfaceOrientationPortrait UIInterfaceOrientationPortraitUpsideDown UIInterfaceOrientationLandscapeLeft UIInterfaceOrientationLandscapeRight";
				INFOPLIST_KEY_UISupportedInterfaceOrientations_iPhone = "UIInterfaceOrientationPortrait UIInterfaceOrientationLandscapeLeft UIInterfaceOrientationLandscapeRight";
				IPHONEOS_DEPLOYMENT_TARGET = 13.0;
				LD_RUNPATH_SEARCH_PATHS = (
					"$(inherited)",
					"@executable_path/Frameworks",
				);
				MARKETING_VERSION = 1.0;
				PRODUCT_BUNDLE_IDENTIFIER = "cuong.news-app";
				PRODUCT_NAME = "$(TARGET_NAME)";
				SWIFT_EMIT_LOC_STRINGS = YES;
				SWIFT_VERSION = 5.0;
				TARGETED_DEVICE_FAMILY = 1;
			};
			name = Debug;
		};
		AD8DBC032B9AE9300070D7A7 /* Release */ = {
			isa = XCBuildConfiguration;
			baseConfigurationReference = 56E073DA07F2045BFAA7D6AA /* Pods-news_app.release.xcconfig */;
			buildSettings = {
				ASSETCATALOG_COMPILER_APPICON_NAME = AppIcon;
				ASSETCATALOG_COMPILER_GLOBAL_ACCENT_COLOR_NAME = AccentColor;
				CODE_SIGN_STYLE = Automatic;
				CURRENT_PROJECT_VERSION = 1;
				GENERATE_INFOPLIST_FILE = YES;
				INFOPLIST_FILE = news_app/Info.plist;
				INFOPLIST_KEY_UIApplicationSupportsIndirectInputEvents = YES;
				INFOPLIST_KEY_UILaunchStoryboardName = LaunchScreen;
				INFOPLIST_KEY_UIMainStoryboardFile = Main;
				INFOPLIST_KEY_UISupportedInterfaceOrientations = UIInterfaceOrientationPortrait;
				INFOPLIST_KEY_UISupportedInterfaceOrientations_iPad = "UIInterfaceOrientationPortrait UIInterfaceOrientationPortraitUpsideDown UIInterfaceOrientationLandscapeLeft UIInterfaceOrientationLandscapeRight";
				INFOPLIST_KEY_UISupportedInterfaceOrientations_iPhone = "UIInterfaceOrientationPortrait UIInterfaceOrientationLandscapeLeft UIInterfaceOrientationLandscapeRight";
				IPHONEOS_DEPLOYMENT_TARGET = 13.0;
				LD_RUNPATH_SEARCH_PATHS = (
					"$(inherited)",
					"@executable_path/Frameworks",
				);
				MARKETING_VERSION = 1.0;
				PRODUCT_BUNDLE_IDENTIFIER = "cuong.news-app";
				PRODUCT_NAME = "$(TARGET_NAME)";
				SWIFT_EMIT_LOC_STRINGS = YES;
				SWIFT_VERSION = 5.0;
				TARGETED_DEVICE_FAMILY = 1;
			};
			name = Release;
		};
		AD8DBC052B9AE9300070D7A7 /* Debug */ = {
			isa = XCBuildConfiguration;
			baseConfigurationReference = 52EE036AA0A908D085E9C8A1 /* Pods-news_appTests.debug.xcconfig */;
			buildSettings = {
				ALWAYS_EMBED_SWIFT_STANDARD_LIBRARIES = YES;
				BUNDLE_LOADER = "$(TEST_HOST)";
				CODE_SIGN_STYLE = Automatic;
				CURRENT_PROJECT_VERSION = 1;
				GENERATE_INFOPLIST_FILE = YES;
				IPHONEOS_DEPLOYMENT_TARGET = 15.5;
				MARKETING_VERSION = 1.0;
				PRODUCT_BUNDLE_IDENTIFIER = "cuong.news-appTests";
				PRODUCT_NAME = "$(TARGET_NAME)";
				SWIFT_EMIT_LOC_STRINGS = NO;
				SWIFT_VERSION = 5.0;
				TARGETED_DEVICE_FAMILY = "1,2";
				TEST_HOST = "$(BUILT_PRODUCTS_DIR)/news_app.app/news_app";
			};
			name = Debug;
		};
		AD8DBC062B9AE9300070D7A7 /* Release */ = {
			isa = XCBuildConfiguration;
			baseConfigurationReference = 68DCC8678D7E07D559F6AD51 /* Pods-news_appTests.release.xcconfig */;
			buildSettings = {
				ALWAYS_EMBED_SWIFT_STANDARD_LIBRARIES = YES;
				BUNDLE_LOADER = "$(TEST_HOST)";
				CODE_SIGN_STYLE = Automatic;
				CURRENT_PROJECT_VERSION = 1;
				GENERATE_INFOPLIST_FILE = YES;
				IPHONEOS_DEPLOYMENT_TARGET = 15.5;
				MARKETING_VERSION = 1.0;
				PRODUCT_BUNDLE_IDENTIFIER = "cuong.news-appTests";
				PRODUCT_NAME = "$(TARGET_NAME)";
				SWIFT_EMIT_LOC_STRINGS = NO;
				SWIFT_VERSION = 5.0;
				TARGETED_DEVICE_FAMILY = "1,2";
				TEST_HOST = "$(BUILT_PRODUCTS_DIR)/news_app.app/news_app";
			};
			name = Release;
		};
		AD8DBC082B9AE9300070D7A7 /* Debug */ = {
			isa = XCBuildConfiguration;
			baseConfigurationReference = A5CFD5C337E84C3D3AC9C4F9 /* Pods-news_app-news_appUITests.debug.xcconfig */;
			buildSettings = {
				ALWAYS_EMBED_SWIFT_STANDARD_LIBRARIES = YES;
				CODE_SIGN_STYLE = Automatic;
				CURRENT_PROJECT_VERSION = 1;
				GENERATE_INFOPLIST_FILE = YES;
				MARKETING_VERSION = 1.0;
				PRODUCT_BUNDLE_IDENTIFIER = "cuong.news-appUITests";
				PRODUCT_NAME = "$(TARGET_NAME)";
				SWIFT_EMIT_LOC_STRINGS = NO;
				SWIFT_VERSION = 5.0;
				TARGETED_DEVICE_FAMILY = "1,2";
				TEST_TARGET_NAME = news_app;
			};
			name = Debug;
		};
		AD8DBC092B9AE9300070D7A7 /* Release */ = {
			isa = XCBuildConfiguration;
			baseConfigurationReference = E29E3FA5701DD17A9825D9F4 /* Pods-news_app-news_appUITests.release.xcconfig */;
			buildSettings = {
				ALWAYS_EMBED_SWIFT_STANDARD_LIBRARIES = YES;
				CODE_SIGN_STYLE = Automatic;
				CURRENT_PROJECT_VERSION = 1;
				GENERATE_INFOPLIST_FILE = YES;
				MARKETING_VERSION = 1.0;
				PRODUCT_BUNDLE_IDENTIFIER = "cuong.news-appUITests";
				PRODUCT_NAME = "$(TARGET_NAME)";
				SWIFT_EMIT_LOC_STRINGS = NO;
				SWIFT_VERSION = 5.0;
				TARGETED_DEVICE_FAMILY = "1,2";
				TEST_TARGET_NAME = news_app;
			};
			name = Release;
		};
/* End XCBuildConfiguration section */

/* Begin XCConfigurationList section */
		AD8DBBD22B9AE92A0070D7A7 /* Build configuration list for PBXProject "news_app" */ = {
			isa = XCConfigurationList;
			buildConfigurations = (
				AD8DBBFF2B9AE9300070D7A7 /* Debug */,
				AD8DBC002B9AE9300070D7A7 /* Release */,
			);
			defaultConfigurationIsVisible = 0;
			defaultConfigurationName = Release;
		};
		AD8DBC012B9AE9300070D7A7 /* Build configuration list for PBXNativeTarget "news_app" */ = {
			isa = XCConfigurationList;
			buildConfigurations = (
				AD8DBC022B9AE9300070D7A7 /* Debug */,
				AD8DBC032B9AE9300070D7A7 /* Release */,
			);
			defaultConfigurationIsVisible = 0;
			defaultConfigurationName = Release;
		};
		AD8DBC042B9AE9300070D7A7 /* Build configuration list for PBXNativeTarget "news_appTests" */ = {
			isa = XCConfigurationList;
			buildConfigurations = (
				AD8DBC052B9AE9300070D7A7 /* Debug */,
				AD8DBC062B9AE9300070D7A7 /* Release */,
			);
			defaultConfigurationIsVisible = 0;
			defaultConfigurationName = Release;
		};
		AD8DBC072B9AE9300070D7A7 /* Build configuration list for PBXNativeTarget "news_appUITests" */ = {
			isa = XCConfigurationList;
			buildConfigurations = (
				AD8DBC082B9AE9300070D7A7 /* Debug */,
				AD8DBC092B9AE9300070D7A7 /* Release */,
			);
			defaultConfigurationIsVisible = 0;
			defaultConfigurationName = Release;
		};
/* End XCConfigurationList section */

/* Begin XCVersionGroup section */
		ADA136112BBBE64C00E74F6E /* DataBase.xcdatamodeld */ = {
			isa = XCVersionGroup;
			children = (
				ADA136122BBBE64C00E74F6E /* DataBase.xcdatamodel */,
			);
			currentVersion = ADA136122BBBE64C00E74F6E /* DataBase.xcdatamodel */;
			path = DataBase.xcdatamodeld;
			sourceTree = "<group>";
			versionGroupType = wrapper.xcdatamodel;
		};
/* End XCVersionGroup section */
	};
	rootObject = AD8DBBCF2B9AE92A0070D7A7 /* Project object */;
}
